
Microsoft Visual Studio Solution File, Format Version 12.00
# Visual Studio Version 17
VisualStudioVersion = 17.14.36127.28
MinimumVisualStudioVersion = 10.0.40219.1
Project("{FAE04EC0-301F-11D3-BF4B-00C04F79EFBC}") = "BetterTrelloAutomator", "BetterTrelloAutomator\BetterTrelloAutomator.csproj", "{D02A4B05-7199-67CD-49C7-BD33933C67B8}"
EndProject
Global
	GlobalSection(SolutionConfigurationPlatforms) = preSolution
		Debug|Any CPU = Debug|Any CPU
		Release|Any CPU = Release|Any CPU
	EndGlobalSection
	GlobalSection(ProjectConfigurationPlatforms) = postSolution
		{D02A4B05-7199-67CD-49C7-BD33933C67B8}.Debug|Any CPU.ActiveCfg = Debug|Any CPU
		{D02A4B05-7199-67CD-49C7-BD33933C67B8}.Debug|Any CPU.Build.0 = Debug|Any CPU
		{D02A4B05-7199-67CD-49C7-BD33933C67B8}.Release|Any CPU.ActiveCfg = Release|Any CPU
		{D02A4B05-7199-67CD-49C7-BD33933C67B8}.Release|Any CPU.Build.0 = Release|Any CPU
	EndGlobalSection
	GlobalSection(SolutionProperties) = preSolution
		HideSolutionNode = FALSE
	EndGlobalSection
	GlobalSection(ExtensibilityGlobals) = postSolution
		SolutionGuid = {E5A762FC-A7E7-4967-AAC3-E195BCFFE8AB}
	EndGlobalSection
EndGlobal
